// !$*UTF8*$!
{
	archiveVersion = 1;
	classes = {
	};
	objectVersion = 50;
	objects = {

/* Begin PBXBuildFile section */
		0794DD7B2604407600B83E9E /* ClosePresentationModeApp.swift in Sources */ = {isa = PBXBuildFile; fileRef = 0794DD682604407400B83E9E /* ClosePresentationModeApp.swift */; };
		0794DD7C2604407600B83E9E /* ClosePresentationModeApp.swift in Sources */ = {isa = PBXBuildFile; fileRef = 0794DD682604407400B83E9E /* ClosePresentationModeApp.swift */; };
		0794DD7D2604407600B83E9E /* ContentView.swift in Sources */ = {isa = PBXBuildFile; fileRef = 0794DD692604407400B83E9E /* ContentView.swift */; };
		0794DD7E2604407600B83E9E /* ContentView.swift in Sources */ = {isa = PBXBuildFile; fileRef = 0794DD692604407400B83E9E /* ContentView.swift */; };
		0794DD7F2604407600B83E9E /* Assets.xcassets in Resources */ = {isa = PBXBuildFile; fileRef = 0794DD6A2604407600B83E9E /* Assets.xcassets */; };
		0794DD802604407600B83E9E /* Assets.xcassets in Resources */ = {isa = PBXBuildFile; fileRef = 0794DD6A2604407600B83E9E /* Assets.xcassets */; };
/* End PBXBuildFile section */

/* Begin PBXFileReference section */
		0794DD682604407400B83E9E /* ClosePresentationModeApp.swift */ = {isa = PBXFileReference; lastKnownFileType = sourcecode.swift; path = ClosePresentationModeApp.swift; sourceTree = "<group>"; };
		0794DD692604407400B83E9E /* ContentView.swift */ = {isa = PBXFileReference; lastKnownFileType = sourcecode.swift; path = ContentView.swift; sourceTree = "<group>"; };
		0794DD6A2604407600B83E9E /* Assets.xcassets */ = {isa = PBXFileReference; lastKnownFileType = folder.assetcatalog; path = Assets.xcassets; sourceTree = "<group>"; };
		0794DD6F2604407600B83E9E /* ClosePresentationMode.app */ = {isa = PBXFileReference; explicitFileType = wrapper.application; includeInIndex = 0; path = ClosePresentationMode.app; sourceTree = BUILT_PRODUCTS_DIR; };
		0794DD722604407600B83E9E /* Info.plist */ = {isa = PBXFileReference; lastKnownFileType = text.plist.xml; path = Info.plist; sourceTree = "<group>"; };
		0794DD772604407600B83E9E /* ClosePresentationMode.app */ = {isa = PBXFileReference; explicitFileType = wrapper.application; includeInIndex = 0; path = ClosePresentationMode.app; sourceTree = BUILT_PRODUCTS_DIR; };
		0794DD792604407600B83E9E /* Info.plist */ = {isa = PBXFileReference; lastKnownFileType = text.plist.xml; path = Info.plist; sourceTree = "<group>"; };
		0794DD7A2604407600B83E9E /* macOS.entitlements */ = {isa = PBXFileReference; lastKnownFileType = text.plist.entitlements; path = macOS.entitlements; sourceTree = "<group>"; };
/* End PBXFileReference section */

/* Begin PBXFrameworksBuildPhase section */
		0794DD6C2604407600B83E9E /* Frameworks */ = {
			isa = PBXFrameworksBuildPhase;
			buildActionMask = 2147483647;
			files = (
			);
			runOnlyForDeploymentPostprocessing = 0;
		};
		0794DD742604407600B83E9E /* Frameworks */ = {
			isa = PBXFrameworksBuildPhase;
			buildActionMask = 2147483647;
			files = (
			);
			runOnlyForDeploymentPostprocessing = 0;
		};
/* End PBXFrameworksBuildPhase section */

/* Begin PBXGroup section */
		0794DD622604407400B83E9E = {
			isa = PBXGroup;
			children = (
				0794DD672604407400B83E9E /* Shared */,
				0794DD712604407600B83E9E /* iOS */,
				0794DD782604407600B83E9E /* macOS */,
				0794DD702604407600B83E9E /* Products */,
			);
			sourceTree = "<group>";
		};
		0794DD672604407400B83E9E /* Shared */ = {
			isa = PBXGroup;
			children = (
				0794DD682604407400B83E9E /* ClosePresentationModeApp.swift */,
				0794DD692604407400B83E9E /* ContentView.swift */,
				0794DD6A2604407600B83E9E /* Assets.xcassets */,
			);
			path = Shared;
			sourceTree = "<group>";
		};
		0794DD702604407600B83E9E /* Products */ = {
			isa = PBXGroup;
			children = (
				0794DD6F2604407600B83E9E /* ClosePresentationMode.app */,
				0794DD772604407600B83E9E /* ClosePresentationMode.app */,
			);
			name = Products;
			sourceTree = "<group>";
		};
		0794DD712604407600B83E9E /* iOS */ = {
			isa = PBXGroup;
			children = (
				0794DD722604407600B83E9E /* Info.plist */,
			);
			path = iOS;
			sourceTree = "<group>";
		};
		0794DD782604407600B83E9E /* macOS */ = {
			isa = PBXGroup;
			children = (
				0794DD792604407600B83E9E /* Info.plist */,
				0794DD7A2604407600B83E9E /* macOS.entitlements */,
			);
			path = macOS;
			sourceTree = "<group>";
		};
/* End PBXGroup section */

/* Begin PBXNativeTarget section */
		0794DD6E2604407600B83E9E /* ClosePresentationMode (iOS) */ = {
			isa = PBXNativeTarget;
			buildConfigurationList = 0794DD832604407600B83E9E /* Build configuration list for PBXNativeTarget "ClosePresentationMode (iOS)" */;
			buildPhases = (
				0794DD6B2604407600B83E9E /* Sources */,
				0794DD6C2604407600B83E9E /* Frameworks */,
				0794DD6D2604407600B83E9E /* Resources */,
			);
			buildRules = (
			);
			dependencies = (
			);
			name = "ClosePresentationMode (iOS)";
			productName = "ClosePresentationMode (iOS)";
			productReference = 0794DD6F2604407600B83E9E /* ClosePresentationMode.app */;
			productType = "com.apple.product-type.application";
		};
		0794DD762604407600B83E9E /* ClosePresentationMode (macOS) */ = {
			isa = PBXNativeTarget;
			buildConfigurationList = 0794DD862604407600B83E9E /* Build configuration list for PBXNativeTarget "ClosePresentationMode (macOS)" */;
			buildPhases = (
				0794DD732604407600B83E9E /* Sources */,
				0794DD742604407600B83E9E /* Frameworks */,
				0794DD752604407600B83E9E /* Resources */,
			);
			buildRules = (
			);
			dependencies = (
			);
			name = "ClosePresentationMode (macOS)";
			productName = "ClosePresentationMode (macOS)";
			productReference = 0794DD772604407600B83E9E /* ClosePresentationMode.app */;
			productType = "com.apple.product-type.application";
		};
/* End PBXNativeTarget section */

/* Begin PBXProject section */
		0794DD632604407400B83E9E /* Project object */ = {
			isa = PBXProject;
			attributes = {
				LastSwiftUpdateCheck = 1240;
				LastUpgradeCheck = 1240;
				TargetAttributes = {
					0794DD6E2604407600B83E9E = {
						CreatedOnToolsVersion = 12.4;
					};
					0794DD762604407600B83E9E = {
						CreatedOnToolsVersion = 12.4;
					};
				};
			};
			buildConfigurationList = 0794DD662604407400B83E9E /* Build configuration list for PBXProject "ClosePresentationMode" */;
			compatibilityVersion = "Xcode 9.3";
			developmentRegion = en;
			hasScannedForEncodings = 0;
			knownRegions = (
				en,
				Base,
			);
			mainGroup = 0794DD622604407400B83E9E;
			productRefGroup = 0794DD702604407600B83E9E /* Products */;
			projectDirPath = "";
			projectRoot = "";
			targets = (
				0794DD6E2604407600B83E9E /* ClosePresentationMode (iOS) */,
				0794DD762604407600B83E9E /* ClosePresentationMode (macOS) */,
			);
		};
/* End PBXProject section */

/* Begin PBXResourcesBuildPhase section */
		0794DD6D2604407600B83E9E /* Resources */ = {
			isa = PBXResourcesBuildPhase;
			buildActionMask = 2147483647;
			files = (
				0794DD7F2604407600B83E9E /* Assets.xcassets in Resources */,
			);
			runOnlyForDeploymentPostprocessing = 0;
		};
		0794DD752604407600B83E9E /* Resources */ = {
			isa = PBXResourcesBuildPhase;
			buildActionMask = 2147483647;
			files = (
				0794DD802604407600B83E9E /* Assets.xcassets in Resources */,
			);
			runOnlyForDeploymentPostprocessing = 0;
		};
/* End PBXResourcesBuildPhase section */

/* Begin PBXSourcesBuildPhase section */
		0794DD6B2604407600B83E9E /* Sources */ = {
			isa = PBXSourcesBuildPhase;
			buildActionMask = 2147483647;
			files = (
				0794DD7D2604407600B83E9E /* ContentView.swift in Sources */,
				0794DD7B2604407600B83E9E /* ClosePresentationModeApp.swift in Sources */,
			);
			runOnlyForDeploymentPostprocessing = 0;
		};
		0794DD732604407600B83E9E /* Sources */ = {
			isa = PBXSourcesBuildPhase;
			buildActionMask = 2147483647;
			files = (
				0794DD7E2604407600B83E9E /* ContentView.swift in Sources */,
				0794DD7C2604407600B83E9E /* ClosePresentationModeApp.swift in Sources */,
			);
			runOnlyForDeploymentPostprocessing = 0;
		};
/* End PBXSourcesBuildPhase section */

/* Begin XCBuildConfiguration section */
		0794DD812604407600B83E9E /* Debug */ = {
			isa = XCBuildConfiguration;
			buildSettings = {
				ALWAYS_SEARCH_USER_PATHS = NO;
				CLANG_ANALYZER_NONNULL = YES;
				CLANG_ANALYZER_NUMBER_OBJECT_CONVERSION = YES_AGGRESSIVE;
				CLANG_CXX_LANGUAGE_STANDARD = "gnu++14";
				CLANG_CXX_LIBRARY = "libc++";
				CLANG_ENABLE_MODULES = YES;
				CLANG_ENABLE_OBJC_ARC = YES;
				CLANG_ENABLE_OBJC_WEAK = YES;
				CLANG_WARN_BLOCK_CAPTURE_AUTORELEASING = YES;
				CLANG_WARN_BOOL_CONVERSION = YES;
				CLANG_WARN_COMMA = YES;
				CLANG_WARN_CONSTANT_CONVERSION = YES;
				CLANG_WARN_DEPRECATED_OBJC_IMPLEMENTATIONS = YES;
				CLANG_WARN_DIRECT_OBJC_ISA_USAGE = YES_ERROR;
				CLANG_WARN_DOCUMENTATION_COMMENTS = YES;
				CLANG_WARN_EMPTY_BODY = YES;
				CLANG_WARN_ENUM_CONVERSION = YES;
				CLANG_WARN_INFINITE_RECURSION = YES;
				CLANG_WARN_INT_CONVERSION = YES;
				CLANG_WARN_NON_LITERAL_NULL_CONVERSION = YES;
				CLANG_WARN_OBJC_IMPLICIT_RETAIN_SELF = YES;
				CLANG_WARN_OBJC_LITERAL_CONVERSION = YES;
				CLANG_WARN_OBJC_ROOT_CLASS = YES_ERROR;
				CLANG_WARN_QUOTED_INCLUDE_IN_FRAMEWORK_HEADER = YES;
				CLANG_WARN_RANGE_LOOP_ANALYSIS = YES;
				CLANG_WARN_STRICT_PROTOTYPES = YES;
				CLANG_WARN_SUSPICIOUS_MOVE = YES;
				CLANG_WARN_UNGUARDED_AVAILABILITY = YES_AGGRESSIVE;
				CLANG_WARN_UNREACHABLE_CODE = YES;
				CLANG_WARN__DUPLICATE_METHOD_MATCH = YES;
				COPY_PHASE_STRIP = NO;
				DEBUG_INFORMATION_FORMAT = dwarf;
				ENABLE_STRICT_OBJC_MSGSEND = YES;
				ENABLE_TESTABILITY = YES;
				GCC_C_LANGUAGE_STANDARD = gnu11;
				GCC_DYNAMIC_NO_PIC = NO;
				GCC_NO_COMMON_BLOCKS = YES;
				GCC_OPTIMIZATION_LEVEL = 0;
				GCC_PREPROCESSOR_DEFINITIONS = (
					"DEBUG=1",
					"$(inherited)",
				);
				GCC_WARN_64_TO_32_BIT_CONVERSION = YES;
				GCC_WARN_ABOUT_RETURN_TYPE = YES_ERROR;
				GCC_WARN_UNDECLARED_SELECTOR = YES;
				GCC_WARN_UNINITIALIZED_AUTOS = YES_AGGRESSIVE;
				GCC_WARN_UNUSED_FUNCTION = YES;
				GCC_WARN_UNUSED_VARIABLE = YES;
				MTL_ENABLE_DEBUG_INFO = INCLUDE_SOURCE;
				MTL_FAST_MATH = YES;
				ONLY_ACTIVE_ARCH = YES;
				SWIFT_ACTIVE_COMPILATION_CONDITIONS = DEBUG;
				SWIFT_OPTIMIZATION_LEVEL = "-Onone";
			};
			name = Debug;
		};
		0794DD822604407600B83E9E /* Release */ = {
			isa = XCBuildConfiguration;
			buildSettings = {
				ALWAYS_SEARCH_USER_PATHS = NO;
				CLANG_ANALYZER_NONNULL = YES;
				CLANG_ANALYZER_NUMBER_OBJECT_CONVERSION = YES_AGGRESSIVE;
				CLANG_CXX_LANGUAGE_STANDARD = "gnu++14";
				CLANG_CXX_LIBRARY = "libc++";
				CLANG_ENABLE_MODULES = YES;
				CLANG_ENABLE_OBJC_ARC = YES;
				CLANG_ENABLE_OBJC_WEAK = YES;
				CLANG_WARN_BLOCK_CAPTURE_AUTORELEASING = YES;
				CLANG_WARN_BOOL_CONVERSION = YES;
				CLANG_WARN_COMMA = YES;
				CLANG_WARN_CONSTANT_CONVERSION = YES;
				CLANG_WARN_DEPRECATED_OBJC_IMPLEMENTATIONS = YES;
				CLANG_WARN_DIRECT_OBJC_ISA_USAGE = YES_ERROR;
				CLANG_WARN_DOCUMENTATION_COMMENTS = YES;
				CLANG_WARN_EMPTY_BODY = YES;
				CLANG_WARN_ENUM_CONVERSION = YES;
				CLANG_WARN_INFINITE_RECURSION = YES;
				CLANG_WARN_INT_CONVERSION = YES;
				CLANG_WARN_NON_LITERAL_NULL_CONVERSION = YES;
				CLANG_WARN_OBJC_IMPLICIT_RETAIN_SELF = YES;
				CLANG_WARN_OBJC_LITERAL_CONVERSION = YES;
				CLANG_WARN_OBJC_ROOT_CLASS = YES_ERROR;
				CLANG_WARN_QUOTED_INCLUDE_IN_FRAMEWORK_HEADER = YES;
				CLANG_WARN_RANGE_LOOP_ANALYSIS = YES;
				CLANG_WARN_STRICT_PROTOTYPES = YES;
				CLANG_WARN_SUSPICIOUS_MOVE = YES;
				CLANG_WARN_UNGUARDED_AVAILABILITY = YES_AGGRESSIVE;
				CLANG_WARN_UNREACHABLE_CODE = YES;
				CLANG_WARN__DUPLICATE_METHOD_MATCH = YES;
				COPY_PHASE_STRIP = NO;
				DEBUG_INFORMATION_FORMAT = "dwarf-with-dsym";
				ENABLE_NS_ASSERTIONS = NO;
				ENABLE_STRICT_OBJC_MSGSEND = YES;
				GCC_C_LANGUAGE_STANDARD = gnu11;
				GCC_NO_COMMON_BLOCKS = YES;
				GCC_WARN_64_TO_32_BIT_CONVERSION = YES;
				GCC_WARN_ABOUT_RETURN_TYPE = YES_ERROR;
				GCC_WARN_UNDECLARED_SELECTOR = YES;
				GCC_WARN_UNINITIALIZED_AUTOS = YES_AGGRESSIVE;
				GCC_WARN_UNUSED_FUNCTION = YES;
				GCC_WARN_UNUSED_VARIABLE = YES;
				MTL_ENABLE_DEBUG_INFO = NO;
				MTL_FAST_MATH = YES;
				SWIFT_COMPILATION_MODE = wholemodule;
				SWIFT_OPTIMIZATION_LEVEL = "-O";
			};
			name = Release;
		};
		0794DD842604407600B83E9E /* Debug */ = {
			isa = XCBuildConfiguration;
			buildSettings = {
				ASSETCATALOG_COMPILER_APPICON_NAME = AppIcon;
				ASSETCATALOG_COMPILER_GLOBAL_ACCENT_COLOR_NAME = AccentColor;
				CODE_SIGN_STYLE = Automatic;
				DEVELOPMENT_TEAM = Q2R76XL3ZN;
				ENABLE_PREVIEWS = YES;
				INFOPLIST_FILE = iOS/Info.plist;
				IPHONEOS_DEPLOYMENT_TARGET = 14.0;
				LD_RUNPATH_SEARCH_PATHS = (
					"$(inherited)",
					"@executable_path/Frameworks",
				);
				PRODUCT_BUNDLE_IDENTIFIER = zhheo.ClosePresentationMode;
				PRODUCT_NAME = ClosePresentationMode;
				SDKROOT = iphoneos;
				SWIFT_VERSION = 5.0;
				TARGETED_DEVICE_FAMILY = "1,2";
			};
			name = Debug;
		};
		0794DD852604407600B83E9E /* Release */ = {
			isa = XCBuildConfiguration;
			buildSettings = {
				ASSETCATALOG_COMPILER_APPICON_NAME = AppIcon;
				ASSETCATALOG_COMPILER_GLOBAL_ACCENT_COLOR_NAME = AccentColor;
				CODE_SIGN_STYLE = Automatic;
				DEVELOPMENT_TEAM = Q2R76XL3ZN;
				ENABLE_PREVIEWS = YES;
				INFOPLIST_FILE = iOS/Info.plist;
				IPHONEOS_DEPLOYMENT_TARGET = 14.0;
				LD_RUNPATH_SEARCH_PATHS = (
					"$(inherited)",
					"@executable_path/Frameworks",
				);
				PRODUCT_BUNDLE_IDENTIFIER = zhheo.ClosePresentationMode;
				PRODUCT_NAME = ClosePresentationMode;
				SDKROOT = iphoneos;
				SWIFT_VERSION = 5.0;
				TARGETED_DEVICE_FAMILY = "1,2";
				VALIDATE_PRODUCT = YES;
			};
			name = Release;
		};
		0794DD872604407600B83E9E /* Debug */ = {
			isa = XCBuildConfiguration;
			buildSettings = {
				ASSETCATALOG_COMPILER_APPICON_NAME = AppIcon;
				ASSETCATALOG_COMPILER_GLOBAL_ACCENT_COLOR_NAME = AccentColor;
				CODE_SIGN_ENTITLEMENTS = macOS/macOS.entitlements;
				CODE_SIGN_STYLE = Automatic;
				COMBINE_HIDPI_IMAGES = YES;
				DEVELOPMENT_TEAM = Q2R76XL3ZN;
				ENABLE_HARDENED_RUNTIME = YES;
				ENABLE_PREVIEWS = YES;
				INFOPLIST_FILE = macOS/Info.plist;
				LD_RUNPATH_SEARCH_PATHS = (
					"$(inherited)",
					"@executable_path/../Frameworks",
				);
				MACOSX_DEPLOYMENT_TARGET = 11.0;
				PRODUCT_BUNDLE_IDENTIFIER = zhheo.ClosePresentationMode;
				PRODUCT_NAME = ClosePresentationMode;
				SDKROOT = macosx;
				SWIFT_VERSION = 5.0;
			};
			name = Debug;
		};
		0794DD882604407600B83E9E /* Release */ = {
			isa = XCBuildConfiguration;
			buildSettings = {
				ASSETCATALOG_COMPILER_APPICON_NAME = AppIcon;
				ASSETCATALOG_COMPILER_GLOBAL_ACCENT_COLOR_NAME = AccentColor;
				CODE_SIGN_ENTITLEMENTS = macOS/macOS.entitlements;
				CODE_SIGN_STYLE = Automatic;
				COMBINE_HIDPI_IMAGES = YES;
				DEVELOPMENT_TEAM = Q2R76XL3ZN;
				ENABLE_HARDENED_RUNTIME = YES;
				ENABLE_PREVIEWS = YES;
				INFOPLIST_FILE = macOS/Info.plist;
				LD_RUNPATH_SEARCH_PATHS = (
					"$(inherited)",
					"@executable_path/../Frameworks",
				);
				MACOSX_DEPLOYMENT_TARGET = 11.0;
				PRODUCT_BUNDLE_IDENTIFIER = zhheo.ClosePresentationMode;
				PRODUCT_NAME = ClosePresentationMode;
				SDKROOT = macosx;
				SWIFT_VERSION = 5.0;
			};
			name = Release;
		};
/* End XCBuildConfiguration section */

/* Begin XCConfigurationList section */
		0794DD662604407400B83E9E /* Build configuration list for PBXProject "ClosePresentationMode" */ = {
			isa = XCConfigurationList;
			buildConfigurations = (
				0794DD812604407600B83E9E /* Debug */,
				0794DD822604407600B83E9E /* Release */,
			);
			defaultConfigurationIsVisible = 0;
			defaultConfigurationName = Release;
		};
		0794DD832604407600B83E9E /* Build configuration list for PBXNativeTarget "ClosePresentationMode (iOS)" */ = {
			isa = XCConfigurationList;
			buildConfigurations = (
				0794DD842604407600B83E9E /* Debug */,
				0794DD852604407600B83E9E /* Release */,
			);
			defaultConfigurationIsVisible = 0;
			defaultConfigurationName = Release;
		};
		0794DD862604407600B83E9E /* Build configuration list for PBXNativeTarget "ClosePresentationMode (macOS)" */ = {
			isa = XCConfigurationList;
			buildConfigurations = (
				0794DD872604407600B83E9E /* Debug */,
				0794DD882604407600B83E9E /* Release */,
			);
			defaultConfigurationIsVisible = 0;
			defaultConfigurationName = Release;
		};
/* End XCConfigurationList section */
	};
	rootObject = 0794DD632604407400B83E9E /* Project object */;
}
